
Microsoft Visual Studio Solution File, Format Version 9.00
# Visual C# Express 2005
Project("{FAE04EC0-301F-11D3-BF4B-00C04F79EFBC}") = "MultiWall", "MultiWall\MultiWall.csproj", "{E8427E7C-2395-48FD-8989-2ADB063E272A}"
EndProject
Global
	GlobalSection(SolutionConfigurationPlatforms) = preSolution
		Debug|Any CPU = Debug|Any CPU
		Release|Any CPU = Release|Any CPU
	EndGlobalSection
	GlobalSection(ProjectConfigurationPlatforms) = postSolution
		{E8427E7C-2395-48FD-8989-2ADB063E272A}.Debug|Any CPU.ActiveCfg = Debug|Any CPU
		{E8427E7C-2395-48FD-8989-2ADB063E272A}.Debug|Any CPU.Build.0 = Debug|Any CPU
		{E8427E7C-2395-48FD-8989-2ADB063E272A}.Release|Any CPU.ActiveCfg = Release|Any CPU
		{E8427E7C-2395-48FD-8989-2ADB063E272A}.Release|Any CPU.Build.0 = Release|Any CPU
	EndGlobalSection
	GlobalSection(SolutionProperties) = preSolution
		HideSolutionNode = FALSE
	EndGlobalSection
EndGlobal
